// !$*UTF8*$!
{
	archiveVersion = 1;
	classes = {
	};
	objectVersion = 56;
	objects = {

/* Begin PBXBuildFile section */
		81DE8729740FC14786602A08 /* Pods_PetFinder_PetFinderUITests.framework in Frameworks */ = {isa = PBXBuildFile; fileRef = 7E7D0ABE30471AC0E026B3CC /* Pods_PetFinder_PetFinderUITests.framework */; };
		8E181941290BE6AF006F5A9A /* OAuthData.swift in Sources */ = {isa = PBXBuildFile; fileRef = 8E181940290BE6AF006F5A9A /* OAuthData.swift */; };
		8E181942290BE6AF006F5A9A /* OAuthData.swift in Sources */ = {isa = PBXBuildFile; fileRef = 8E181940290BE6AF006F5A9A /* OAuthData.swift */; };
		8E181944290BEE59006F5A9A /* OAuthResponse.swift in Sources */ = {isa = PBXBuildFile; fileRef = 8E181943290BEE59006F5A9A /* OAuthResponse.swift */; };
		8E181945290BEE59006F5A9A /* OAuthResponse.swift in Sources */ = {isa = PBXBuildFile; fileRef = 8E181943290BEE59006F5A9A /* OAuthResponse.swift */; };
		8E181948290BF122006F5A9A /* OauthParameters.swift in Sources */ = {isa = PBXBuildFile; fileRef = 8E181947290BF122006F5A9A /* OauthParameters.swift */; };
		8E181949290BF122006F5A9A /* OauthParameters.swift in Sources */ = {isa = PBXBuildFile; fileRef = 8E181947290BF122006F5A9A /* OauthParameters.swift */; };
		8E18194C290FCAB9006F5A9A /* AuthManager.swift in Sources */ = {isa = PBXBuildFile; fileRef = 8E18194B290FCAB9006F5A9A /* AuthManager.swift */; };
		8E18194D290FCAB9006F5A9A /* AuthManager.swift in Sources */ = {isa = PBXBuildFile; fileRef = 8E18194B290FCAB9006F5A9A /* AuthManager.swift */; };
		8E18194F290FCCC9006F5A9A /* KeychainHelper.swift in Sources */ = {isa = PBXBuildFile; fileRef = 8E18194E290FCCC9006F5A9A /* KeychainHelper.swift */; };
		8E181950290FCCC9006F5A9A /* KeychainHelper.swift in Sources */ = {isa = PBXBuildFile; fileRef = 8E18194E290FCCC9006F5A9A /* KeychainHelper.swift */; };
		8E181952290FCD82006F5A9A /* Constants.swift in Sources */ = {isa = PBXBuildFile; fileRef = 8E181951290FCD82006F5A9A /* Constants.swift */; };
		8E181953290FCD82006F5A9A /* Constants.swift in Sources */ = {isa = PBXBuildFile; fileRef = 8E181951290FCD82006F5A9A /* Constants.swift */; };
		8E181955290FECAE006F5A9A /* SessionManager.swift in Sources */ = {isa = PBXBuildFile; fileRef = 8E181954290FECAE006F5A9A /* SessionManager.swift */; };
		8E181956290FECAE006F5A9A /* SessionManager.swift in Sources */ = {isa = PBXBuildFile; fileRef = 8E181954290FECAE006F5A9A /* SessionManager.swift */; };
		8E181958290FED63006F5A9A /* FetchListService.swift in Sources */ = {isa = PBXBuildFile; fileRef = 8E181957290FED63006F5A9A /* FetchListService.swift */; };
		8E181959290FED63006F5A9A /* FetchListService.swift in Sources */ = {isa = PBXBuildFile; fileRef = 8E181957290FED63006F5A9A /* FetchListService.swift */; };
		8E18195B290FEF8E006F5A9A /* CustomError.swift in Sources */ = {isa = PBXBuildFile; fileRef = 8E18195A290FEF8E006F5A9A /* CustomError.swift */; };
		8E18195C290FEF8E006F5A9A /* CustomError.swift in Sources */ = {isa = PBXBuildFile; fileRef = 8E18195A290FEF8E006F5A9A /* CustomError.swift */; };
		8E18195E290FF102006F5A9A /* Headers.swift in Sources */ = {isa = PBXBuildFile; fileRef = 8E18195D290FF102006F5A9A /* Headers.swift */; };
		8E18195F290FF102006F5A9A /* Headers.swift in Sources */ = {isa = PBXBuildFile; fileRef = 8E18195D290FF102006F5A9A /* Headers.swift */; };
		8E5272D8290B01D0004BE146 /* AppDelegate.swift in Sources */ = {isa = PBXBuildFile; fileRef = 8E5272D7290B01D0004BE146 /* AppDelegate.swift */; };
		8E5272DA290B01D0004BE146 /* SceneDelegate.swift in Sources */ = {isa = PBXBuildFile; fileRef = 8E5272D9290B01D0004BE146 /* SceneDelegate.swift */; };
		8E5272DF290B01D0004BE146 /* HomeScreen.storyboard in Resources */ = {isa = PBXBuildFile; fileRef = 8E5272DD290B01D0004BE146 /* HomeScreen.storyboard */; };
		8E5272E1290B01D1004BE146 /* Assets.xcassets in Resources */ = {isa = PBXBuildFile; fileRef = 8E5272E0290B01D1004BE146 /* Assets.xcassets */; };
		8E5272E4290B01D1004BE146 /* LaunchScreen.storyboard in Resources */ = {isa = PBXBuildFile; fileRef = 8E5272E2290B01D1004BE146 /* LaunchScreen.storyboard */; };
		8E5272EF290B01D1004BE146 /* PetFinderTests.swift in Sources */ = {isa = PBXBuildFile; fileRef = 8E5272EE290B01D1004BE146 /* PetFinderTests.swift */; };
		8E5272F9290B01D1004BE146 /* PetFinderUITests.swift in Sources */ = {isa = PBXBuildFile; fileRef = 8E5272F8290B01D1004BE146 /* PetFinderUITests.swift */; };
		8E5272FB290B01D1004BE146 /* PetFinderUITestsLaunchTests.swift in Sources */ = {isa = PBXBuildFile; fileRef = 8E5272FA290B01D1004BE146 /* PetFinderUITestsLaunchTests.swift */; };
		8E52730F290B06B5004BE146 /* CoordinatorType.swift in Sources */ = {isa = PBXBuildFile; fileRef = 8E52730E290B06B5004BE146 /* CoordinatorType.swift */; };
		8E527310290B06B5004BE146 /* CoordinatorType.swift in Sources */ = {isa = PBXBuildFile; fileRef = 8E52730E290B06B5004BE146 /* CoordinatorType.swift */; };
		8E527312290B06E1004BE146 /* MainCoordinator.swift in Sources */ = {isa = PBXBuildFile; fileRef = 8E527311290B06E1004BE146 /* MainCoordinator.swift */; };
		8E527313290B06E1004BE146 /* MainCoordinator.swift in Sources */ = {isa = PBXBuildFile; fileRef = 8E527311290B06E1004BE146 /* MainCoordinator.swift */; };
		8E527315290B074E004BE146 /* HomeScreenViewController.swift in Sources */ = {isa = PBXBuildFile; fileRef = 8E527314290B074E004BE146 /* HomeScreenViewController.swift */; };
		8E527316290B074E004BE146 /* HomeScreenViewController.swift in Sources */ = {isa = PBXBuildFile; fileRef = 8E527314290B074E004BE146 /* HomeScreenViewController.swift */; };
		8E527318290B0785004BE146 /* BaseViewController.swift in Sources */ = {isa = PBXBuildFile; fileRef = 8E527317290B0785004BE146 /* BaseViewController.swift */; };
		8E527319290B0785004BE146 /* BaseViewController.swift in Sources */ = {isa = PBXBuildFile; fileRef = 8E527317290B0785004BE146 /* BaseViewController.swift */; };
		8E52731B290B0796004BE146 /* Storyboarded.swift in Sources */ = {isa = PBXBuildFile; fileRef = 8E52731A290B0796004BE146 /* Storyboarded.swift */; };
		8E52731C290B0796004BE146 /* Storyboarded.swift in Sources */ = {isa = PBXBuildFile; fileRef = 8E52731A290B0796004BE146 /* Storyboarded.swift */; };
		8E52731E290B07BA004BE146 /* UIStoryboard+Extension.swift in Sources */ = {isa = PBXBuildFile; fileRef = 8E52731D290B07BA004BE146 /* UIStoryboard+Extension.swift */; };
		8E52731F290B07BA004BE146 /* UIStoryboard+Extension.swift in Sources */ = {isa = PBXBuildFile; fileRef = 8E52731D290B07BA004BE146 /* UIStoryboard+Extension.swift */; };
		8E527322290B07FB004BE146 /* UIView+Extension.swift in Sources */ = {isa = PBXBuildFile; fileRef = 8E527321290B07FB004BE146 /* UIView+Extension.swift */; };
		8E527323290B07FB004BE146 /* UIView+Extension.swift in Sources */ = {isa = PBXBuildFile; fileRef = 8E527321290B07FB004BE146 /* UIView+Extension.swift */; };
		8E527325290B080D004BE146 /* BlurView.swift in Sources */ = {isa = PBXBuildFile; fileRef = 8E527324290B080D004BE146 /* BlurView.swift */; };
		8E527326290B080D004BE146 /* BlurView.swift in Sources */ = {isa = PBXBuildFile; fileRef = 8E527324290B080D004BE146 /* BlurView.swift */; };
		8E527328290B0877004BE146 /* Array+Extension.swift in Sources */ = {isa = PBXBuildFile; fileRef = 8E527327290B0877004BE146 /* Array+Extension.swift */; };
		8E527329290B0877004BE146 /* Array+Extension.swift in Sources */ = {isa = PBXBuildFile; fileRef = 8E527327290B0877004BE146 /* Array+Extension.swift */; };
		8E527352290B0A20004BE146 /* HomeScreenViewModel.swift in Sources */ = {isa = PBXBuildFile; fileRef = 8E527351290B0A20004BE146 /* HomeScreenViewModel.swift */; };
		8E527353290B0A20004BE146 /* HomeScreenViewModel.swift in Sources */ = {isa = PBXBuildFile; fileRef = 8E527351290B0A20004BE146 /* HomeScreenViewModel.swift */; };
		AE5B88F449DADD60C49F2D63 /* Pods_PetFinder.framework in Frameworks */ = {isa = PBXBuildFile; fileRef = 8BA8B9C5CE2BE49BAD5FACCB /* Pods_PetFinder.framework */; };
		B57DEF09A480BA305E9D5EDF /* Pods_PetFinderTests.framework in Frameworks */ = {isa = PBXBuildFile; fileRef = 1EDE0DDD0BBE16F661DF8705 /* Pods_PetFinderTests.framework */; };
/* End PBXBuildFile section */

/* Begin PBXContainerItemProxy section */
		8E5272EB290B01D1004BE146 /* PBXContainerItemProxy */ = {
			isa = PBXContainerItemProxy;
			containerPortal = 8E5272CC290B01D0004BE146 /* Project object */;
			proxyType = 1;
			remoteGlobalIDString = 8E5272D3290B01D0004BE146;
			remoteInfo = PetFinder;
		};
		8E5272F5290B01D1004BE146 /* PBXContainerItemProxy */ = {
			isa = PBXContainerItemProxy;
			containerPortal = 8E5272CC290B01D0004BE146 /* Project object */;
			proxyType = 1;
			remoteGlobalIDString = 8E5272D3290B01D0004BE146;
			remoteInfo = PetFinder;
		};
/* End PBXContainerItemProxy section */

/* Begin PBXFileReference section */
		07DF9AB6B21CE635B3B23114 /* Pods-PetFinderTests.release.xcconfig */ = {isa = PBXFileReference; includeInIndex = 1; lastKnownFileType = text.xcconfig; name = "Pods-PetFinderTests.release.xcconfig"; path = "Target Support Files/Pods-PetFinderTests/Pods-PetFinderTests.release.xcconfig"; sourceTree = "<group>"; };
		1EDE0DDD0BBE16F661DF8705 /* Pods_PetFinderTests.framework */ = {isa = PBXFileReference; explicitFileType = wrapper.framework; includeInIndex = 0; path = Pods_PetFinderTests.framework; sourceTree = BUILT_PRODUCTS_DIR; };
		24FA0D9F36AD5A8B56380F76 /* Pods-PetFinder.release.xcconfig */ = {isa = PBXFileReference; includeInIndex = 1; lastKnownFileType = text.xcconfig; name = "Pods-PetFinder.release.xcconfig"; path = "Target Support Files/Pods-PetFinder/Pods-PetFinder.release.xcconfig"; sourceTree = "<group>"; };
		3EACD01E3AEB52DF3A12D334 /* Pods-PetFinderTests.debug.xcconfig */ = {isa = PBXFileReference; includeInIndex = 1; lastKnownFileType = text.xcconfig; name = "Pods-PetFinderTests.debug.xcconfig"; path = "Target Support Files/Pods-PetFinderTests/Pods-PetFinderTests.debug.xcconfig"; sourceTree = "<group>"; };
		75B0219F0A056877A5DF9FED /* Pods-PetFinder-PetFinderUITests.release.xcconfig */ = {isa = PBXFileReference; includeInIndex = 1; lastKnownFileType = text.xcconfig; name = "Pods-PetFinder-PetFinderUITests.release.xcconfig"; path = "Target Support Files/Pods-PetFinder-PetFinderUITests/Pods-PetFinder-PetFinderUITests.release.xcconfig"; sourceTree = "<group>"; };
		7E7D0ABE30471AC0E026B3CC /* Pods_PetFinder_PetFinderUITests.framework */ = {isa = PBXFileReference; explicitFileType = wrapper.framework; includeInIndex = 0; path = Pods_PetFinder_PetFinderUITests.framework; sourceTree = BUILT_PRODUCTS_DIR; };
		8BA8B9C5CE2BE49BAD5FACCB /* Pods_PetFinder.framework */ = {isa = PBXFileReference; explicitFileType = wrapper.framework; includeInIndex = 0; path = Pods_PetFinder.framework; sourceTree = BUILT_PRODUCTS_DIR; };
		8E181940290BE6AF006F5A9A /* OAuthData.swift */ = {isa = PBXFileReference; lastKnownFileType = sourcecode.swift; path = OAuthData.swift; sourceTree = "<group>"; };
		8E181943290BEE59006F5A9A /* OAuthResponse.swift */ = {isa = PBXFileReference; lastKnownFileType = sourcecode.swift; path = OAuthResponse.swift; sourceTree = "<group>"; };
		8E181947290BF122006F5A9A /* OauthParameters.swift */ = {isa = PBXFileReference; lastKnownFileType = sourcecode.swift; path = OauthParameters.swift; sourceTree = "<group>"; };
		8E18194B290FCAB9006F5A9A /* AuthManager.swift */ = {isa = PBXFileReference; lastKnownFileType = sourcecode.swift; path = AuthManager.swift; sourceTree = "<group>"; };
		8E18194E290FCCC9006F5A9A /* KeychainHelper.swift */ = {isa = PBXFileReference; lastKnownFileType = sourcecode.swift; path = KeychainHelper.swift; sourceTree = "<group>"; };
		8E181951290FCD82006F5A9A /* Constants.swift */ = {isa = PBXFileReference; lastKnownFileType = sourcecode.swift; path = Constants.swift; sourceTree = "<group>"; };
		8E181954290FECAE006F5A9A /* SessionManager.swift */ = {isa = PBXFileReference; lastKnownFileType = sourcecode.swift; path = SessionManager.swift; sourceTree = "<group>"; };
		8E181957290FED63006F5A9A /* FetchListService.swift */ = {isa = PBXFileReference; lastKnownFileType = sourcecode.swift; path = FetchListService.swift; sourceTree = "<group>"; };
		8E18195A290FEF8E006F5A9A /* CustomError.swift */ = {isa = PBXFileReference; explicitFileType = sourcecode.swift; path = CustomError.swift; sourceTree = "<group>"; };
		8E18195D290FF102006F5A9A /* Headers.swift */ = {isa = PBXFileReference; lastKnownFileType = sourcecode.swift; path = Headers.swift; sourceTree = "<group>"; };
		8E5272D4290B01D0004BE146 /* PetFinder.app */ = {isa = PBXFileReference; explicitFileType = wrapper.application; includeInIndex = 0; path = PetFinder.app; sourceTree = BUILT_PRODUCTS_DIR; };
		8E5272D7290B01D0004BE146 /* AppDelegate.swift */ = {isa = PBXFileReference; lastKnownFileType = sourcecode.swift; path = AppDelegate.swift; sourceTree = "<group>"; };
		8E5272D9290B01D0004BE146 /* SceneDelegate.swift */ = {isa = PBXFileReference; lastKnownFileType = sourcecode.swift; path = SceneDelegate.swift; sourceTree = "<group>"; };
		8E5272DE290B01D0004BE146 /* Base */ = {isa = PBXFileReference; lastKnownFileType = file.storyboard; name = Base; path = Base.lproj/HomeScreen.storyboard; sourceTree = "<group>"; };
		8E5272E0290B01D1004BE146 /* Assets.xcassets */ = {isa = PBXFileReference; lastKnownFileType = folder.assetcatalog; path = Assets.xcassets; sourceTree = "<group>"; };
		8E5272E3290B01D1004BE146 /* Base */ = {isa = PBXFileReference; lastKnownFileType = file.storyboard; name = Base; path = Base.lproj/LaunchScreen.storyboard; sourceTree = "<group>"; };
		8E5272E5290B01D1004BE146 /* Info.plist */ = {isa = PBXFileReference; lastKnownFileType = text.plist.xml; path = Info.plist; sourceTree = "<group>"; };
		8E5272EA290B01D1004BE146 /* PetFinderTests.xctest */ = {isa = PBXFileReference; explicitFileType = wrapper.cfbundle; includeInIndex = 0; path = PetFinderTests.xctest; sourceTree = BUILT_PRODUCTS_DIR; };
		8E5272EE290B01D1004BE146 /* PetFinderTests.swift */ = {isa = PBXFileReference; lastKnownFileType = sourcecode.swift; path = PetFinderTests.swift; sourceTree = "<group>"; };
		8E5272F4290B01D1004BE146 /* PetFinderUITests.xctest */ = {isa = PBXFileReference; explicitFileType = wrapper.cfbundle; includeInIndex = 0; path = PetFinderUITests.xctest; sourceTree = BUILT_PRODUCTS_DIR; };
		8E5272F8290B01D1004BE146 /* PetFinderUITests.swift */ = {isa = PBXFileReference; lastKnownFileType = sourcecode.swift; path = PetFinderUITests.swift; sourceTree = "<group>"; };
		8E5272FA290B01D1004BE146 /* PetFinderUITestsLaunchTests.swift */ = {isa = PBXFileReference; lastKnownFileType = sourcecode.swift; path = PetFinderUITestsLaunchTests.swift; sourceTree = "<group>"; };
		8E52730E290B06B5004BE146 /* CoordinatorType.swift */ = {isa = PBXFileReference; lastKnownFileType = sourcecode.swift; path = CoordinatorType.swift; sourceTree = "<group>"; };
		8E527311290B06E1004BE146 /* MainCoordinator.swift */ = {isa = PBXFileReference; lastKnownFileType = sourcecode.swift; path = MainCoordinator.swift; sourceTree = "<group>"; };
		8E527314290B074E004BE146 /* HomeScreenViewController.swift */ = {isa = PBXFileReference; lastKnownFileType = sourcecode.swift; path = HomeScreenViewController.swift; sourceTree = "<group>"; };
		8E527317290B0785004BE146 /* BaseViewController.swift */ = {isa = PBXFileReference; lastKnownFileType = sourcecode.swift; path = BaseViewController.swift; sourceTree = "<group>"; };
		8E52731A290B0796004BE146 /* Storyboarded.swift */ = {isa = PBXFileReference; lastKnownFileType = sourcecode.swift; path = Storyboarded.swift; sourceTree = "<group>"; };
		8E52731D290B07BA004BE146 /* UIStoryboard+Extension.swift */ = {isa = PBXFileReference; lastKnownFileType = sourcecode.swift; path = "UIStoryboard+Extension.swift"; sourceTree = "<group>"; };
		8E527321290B07FB004BE146 /* UIView+Extension.swift */ = {isa = PBXFileReference; lastKnownFileType = sourcecode.swift; path = "UIView+Extension.swift"; sourceTree = "<group>"; };
		8E527324290B080D004BE146 /* BlurView.swift */ = {isa = PBXFileReference; lastKnownFileType = sourcecode.swift; path = BlurView.swift; sourceTree = "<group>"; };
		8E527327290B0877004BE146 /* Array+Extension.swift */ = {isa = PBXFileReference; lastKnownFileType = sourcecode.swift; path = "Array+Extension.swift"; sourceTree = "<group>"; };
		8E527351290B0A20004BE146 /* HomeScreenViewModel.swift */ = {isa = PBXFileReference; lastKnownFileType = sourcecode.swift; path = HomeScreenViewModel.swift; sourceTree = "<group>"; };
		8EE84984C93702B388DC6FDB /* Pods-PetFinder.debug.xcconfig */ = {isa = PBXFileReference; includeInIndex = 1; lastKnownFileType = text.xcconfig; name = "Pods-PetFinder.debug.xcconfig"; path = "Target Support Files/Pods-PetFinder/Pods-PetFinder.debug.xcconfig"; sourceTree = "<group>"; };
		DD4776CBDB12BC2CD4C388F4 /* Pods-PetFinder-PetFinderUITests.debug.xcconfig */ = {isa = PBXFileReference; includeInIndex = 1; lastKnownFileType = text.xcconfig; name = "Pods-PetFinder-PetFinderUITests.debug.xcconfig"; path = "Target Support Files/Pods-PetFinder-PetFinderUITests/Pods-PetFinder-PetFinderUITests.debug.xcconfig"; sourceTree = "<group>"; };
/* End PBXFileReference section */

/* Begin PBXFrameworksBuildPhase section */
		8E5272D1290B01D0004BE146 /* Frameworks */ = {
			isa = PBXFrameworksBuildPhase;
			buildActionMask = 2147483647;
			files = (
				AE5B88F449DADD60C49F2D63 /* Pods_PetFinder.framework in Frameworks */,
			);
			runOnlyForDeploymentPostprocessing = 0;
		};
		8E5272E7290B01D1004BE146 /* Frameworks */ = {
			isa = PBXFrameworksBuildPhase;
			buildActionMask = 2147483647;
			files = (
				B57DEF09A480BA305E9D5EDF /* Pods_PetFinderTests.framework in Frameworks */,
			);
			runOnlyForDeploymentPostprocessing = 0;
		};
		8E5272F1290B01D1004BE146 /* Frameworks */ = {
			isa = PBXFrameworksBuildPhase;
			buildActionMask = 2147483647;
			files = (
				81DE8729740FC14786602A08 /* Pods_PetFinder_PetFinderUITests.framework in Frameworks */,
			);
			runOnlyForDeploymentPostprocessing = 0;
		};
/* End PBXFrameworksBuildPhase section */

/* Begin PBXGroup section */
		498980EFF9C77D8E870D236D /* Pods */ = {
			isa = PBXGroup;
			children = (
				8EE84984C93702B388DC6FDB /* Pods-PetFinder.debug.xcconfig */,
				24FA0D9F36AD5A8B56380F76 /* Pods-PetFinder.release.xcconfig */,
				DD4776CBDB12BC2CD4C388F4 /* Pods-PetFinder-PetFinderUITests.debug.xcconfig */,
				75B0219F0A056877A5DF9FED /* Pods-PetFinder-PetFinderUITests.release.xcconfig */,
				3EACD01E3AEB52DF3A12D334 /* Pods-PetFinderTests.debug.xcconfig */,
				07DF9AB6B21CE635B3B23114 /* Pods-PetFinderTests.release.xcconfig */,
			);
			path = Pods;
			sourceTree = "<group>";
		};
		801D56525DC0C6805B2970ED /* Frameworks */ = {
			isa = PBXGroup;
			children = (
				8BA8B9C5CE2BE49BAD5FACCB /* Pods_PetFinder.framework */,
				7E7D0ABE30471AC0E026B3CC /* Pods_PetFinder_PetFinderUITests.framework */,
				1EDE0DDD0BBE16F661DF8705 /* Pods_PetFinderTests.framework */,
			);
			name = Frameworks;
			sourceTree = "<group>";
		};
		8E181946290BF10D006F5A9A /* OAuth */ = {
			isa = PBXGroup;
			children = (
				8E181943290BEE59006F5A9A /* OAuthResponse.swift */,
				8E181940290BE6AF006F5A9A /* OAuthData.swift */,
				8E181947290BF122006F5A9A /* OauthParameters.swift */,
			);
			path = OAuth;
			sourceTree = "<group>";
		};
		8E18194A290FCAA2006F5A9A /* Services */ = {
			isa = PBXGroup;
			children = (
				8E18194B290FCAB9006F5A9A /* AuthManager.swift */,
				8E181954290FECAE006F5A9A /* SessionManager.swift */,
				8E181957290FED63006F5A9A /* FetchListService.swift */,
			);
			path = Services;
			sourceTree = "<group>";
		};
		8E5272CB290B01D0004BE146 = {
			isa = PBXGroup;
			children = (
				8E5272D6290B01D0004BE146 /* PetFinder */,
				8E5272ED290B01D1004BE146 /* PetFinderTests */,
				8E5272F7290B01D1004BE146 /* PetFinderUITests */,
				8E5272D5290B01D0004BE146 /* Products */,
				498980EFF9C77D8E870D236D /* Pods */,
				801D56525DC0C6805B2970ED /* Frameworks */,
			);
			sourceTree = "<group>";
		};
		8E5272D5290B01D0004BE146 /* Products */ = {
			isa = PBXGroup;
			children = (
				8E5272D4290B01D0004BE146 /* PetFinder.app */,
				8E5272EA290B01D1004BE146 /* PetFinderTests.xctest */,
				8E5272F4290B01D1004BE146 /* PetFinderUITests.xctest */,
			);
			name = Products;
			sourceTree = "<group>";
		};
		8E5272D6290B01D0004BE146 /* PetFinder */ = {
			isa = PBXGroup;
			children = (
				8E18194A290FCAA2006F5A9A /* Services */,
				8E52730D290B0511004BE146 /* Utils */,
				8E527308290B02A6004BE146 /* Flows */,
				8E527307290B01DF004BE146 /* Supporting Files */,
				8E5272E0290B01D1004BE146 /* Assets.xcassets */,
				8E5272E2290B01D1004BE146 /* LaunchScreen.storyboard */,
			);
			path = PetFinder;
			sourceTree = "<group>";
		};
		8E5272ED290B01D1004BE146 /* PetFinderTests */ = {
			isa = PBXGroup;
			children = (
				8E5272EE290B01D1004BE146 /* PetFinderTests.swift */,
			);
			path = PetFinderTests;
			sourceTree = "<group>";
		};
		8E5272F7290B01D1004BE146 /* PetFinderUITests */ = {
			isa = PBXGroup;
			children = (
				8E5272F8290B01D1004BE146 /* PetFinderUITests.swift */,
				8E5272FA290B01D1004BE146 /* PetFinderUITestsLaunchTests.swift */,
			);
			path = PetFinderUITests;
			sourceTree = "<group>";
		};
		8E527307290B01DF004BE146 /* Supporting Files */ = {
			isa = PBXGroup;
			children = (
				8E5272E5290B01D1004BE146 /* Info.plist */,
				8E5272D9290B01D0004BE146 /* SceneDelegate.swift */,
				8E5272D7290B01D0004BE146 /* AppDelegate.swift */,
			);
			path = "Supporting Files";
			sourceTree = "<group>";
		};
		8E527308290B02A6004BE146 /* Flows */ = {
			isa = PBXGroup;
			children = (
				8E527309290B02AB004BE146 /* HomeScreen */,
			);
			path = Flows;
			sourceTree = "<group>";
		};
		8E527309290B02AB004BE146 /* HomeScreen */ = {
			isa = PBXGroup;
			children = (
				8E5272DD290B01D0004BE146 /* HomeScreen.storyboard */,
				8E52730C290B02CD004BE146 /* ViewModels */,
				8E52730B290B02C4004BE146 /* Views */,
				8E52730A290B02BA004BE146 /* Controllers */,
			);
			path = HomeScreen;
			sourceTree = "<group>";
		};
		8E52730A290B02BA004BE146 /* Controllers */ = {
			isa = PBXGroup;
			children = (
				8E527314290B074E004BE146 /* HomeScreenViewController.swift */,
			);
			path = Controllers;
			sourceTree = "<group>";
		};
		8E52730B290B02C4004BE146 /* Views */ = {
			isa = PBXGroup;
			children = (
			);
			path = Views;
			sourceTree = "<group>";
		};
		8E52730C290B02CD004BE146 /* ViewModels */ = {
			isa = PBXGroup;
			children = (
				8E527351290B0A20004BE146 /* HomeScreenViewModel.swift */,
			);
			path = ViewModels;
			sourceTree = "<group>";
		};
		8E52730D290B0511004BE146 /* Utils */ = {
			isa = PBXGroup;
			children = (
				8E181946290BF10D006F5A9A /* OAuth */,
				8E527320290B07E4004BE146 /* LoadingIndicator */,
				8E52730E290B06B5004BE146 /* CoordinatorType.swift */,
				8E527311290B06E1004BE146 /* MainCoordinator.swift */,
				8E527317290B0785004BE146 /* BaseViewController.swift */,
				8E52731A290B0796004BE146 /* Storyboarded.swift */,
				8E52731D290B07BA004BE146 /* UIStoryboard+Extension.swift */,
				8E527327290B0877004BE146 /* Array+Extension.swift */,
				8E18194E290FCCC9006F5A9A /* KeychainHelper.swift */,
				8E181951290FCD82006F5A9A /* Constants.swift */,
				8E18195A290FEF8E006F5A9A /* CustomError.swift */,
				8E18195D290FF102006F5A9A /* Headers.swift */,
			);
			path = Utils;
			sourceTree = "<group>";
		};
		8E527320290B07E4004BE146 /* LoadingIndicator */ = {
			isa = PBXGroup;
			children = (
				8E527321290B07FB004BE146 /* UIView+Extension.swift */,
				8E527324290B080D004BE146 /* BlurView.swift */,
			);
			path = LoadingIndicator;
			sourceTree = "<group>";
		};
/* End PBXGroup section */

/* Begin PBXNativeTarget section */
		8E5272D3290B01D0004BE146 /* PetFinder */ = {
			isa = PBXNativeTarget;
			buildConfigurationList = 8E5272FE290B01D1004BE146 /* Build configuration list for PBXNativeTarget "PetFinder" */;
			buildPhases = (
				C332F1B445AEC8EA6AEA7126 /* [CP] Check Pods Manifest.lock */,
				8E5272D0290B01D0004BE146 /* Sources */,
				8E5272D1290B01D0004BE146 /* Frameworks */,
				8E5272D2290B01D0004BE146 /* Resources */,
				9E5A75E54951D6019E758C4E /* [CP] Embed Pods Frameworks */,
			);
			buildRules = (
			);
			dependencies = (
			);
			name = PetFinder;
			productName = PetFinder;
			productReference = 8E5272D4290B01D0004BE146 /* PetFinder.app */;
			productType = "com.apple.product-type.application";
		};
		8E5272E9290B01D1004BE146 /* PetFinderTests */ = {
			isa = PBXNativeTarget;
			buildConfigurationList = 8E527301290B01D1004BE146 /* Build configuration list for PBXNativeTarget "PetFinderTests" */;
			buildPhases = (
				A58927D74FAA68D1171B6494 /* [CP] Check Pods Manifest.lock */,
				8E5272E6290B01D1004BE146 /* Sources */,
				8E5272E7290B01D1004BE146 /* Frameworks */,
				8E5272E8290B01D1004BE146 /* Resources */,
			);
			buildRules = (
			);
			dependencies = (
				8E5272EC290B01D1004BE146 /* PBXTargetDependency */,
			);
			name = PetFinderTests;
			productName = PetFinderTests;
			productReference = 8E5272EA290B01D1004BE146 /* PetFinderTests.xctest */;
			productType = "com.apple.product-type.bundle.unit-test";
		};
		8E5272F3290B01D1004BE146 /* PetFinderUITests */ = {
			isa = PBXNativeTarget;
			buildConfigurationList = 8E527304290B01D1004BE146 /* Build configuration list for PBXNativeTarget "PetFinderUITests" */;
			buildPhases = (
				19BBCC655B65C342C93755FF /* [CP] Check Pods Manifest.lock */,
				8E5272F0290B01D1004BE146 /* Sources */,
				8E5272F1290B01D1004BE146 /* Frameworks */,
				8E5272F2290B01D1004BE146 /* Resources */,
				A2F7CA61F478E30ED378002C /* [CP] Embed Pods Frameworks */,
			);
			buildRules = (
			);
			dependencies = (
				8E5272F6290B01D1004BE146 /* PBXTargetDependency */,
			);
			name = PetFinderUITests;
			productName = PetFinderUITests;
			productReference = 8E5272F4290B01D1004BE146 /* PetFinderUITests.xctest */;
			productType = "com.apple.product-type.bundle.ui-testing";
		};
/* End PBXNativeTarget section */

/* Begin PBXProject section */
		8E5272CC290B01D0004BE146 /* Project object */ = {
			isa = PBXProject;
			attributes = {
				BuildIndependentTargetsInParallel = 1;
				LastSwiftUpdateCheck = 1400;
				LastUpgradeCheck = 1400;
				TargetAttributes = {
					8E5272D3290B01D0004BE146 = {
						CreatedOnToolsVersion = 14.0.1;
					};
					8E5272E9290B01D1004BE146 = {
						CreatedOnToolsVersion = 14.0.1;
						TestTargetID = 8E5272D3290B01D0004BE146;
					};
					8E5272F3290B01D1004BE146 = {
						CreatedOnToolsVersion = 14.0.1;
						TestTargetID = 8E5272D3290B01D0004BE146;
					};
				};
			};
			buildConfigurationList = 8E5272CF290B01D0004BE146 /* Build configuration list for PBXProject "PetFinder" */;
			compatibilityVersion = "Xcode 14.0";
			developmentRegion = en;
			hasScannedForEncodings = 0;
			knownRegions = (
				en,
				Base,
			);
			mainGroup = 8E5272CB290B01D0004BE146;
			productRefGroup = 8E5272D5290B01D0004BE146 /* Products */;
			projectDirPath = "";
			projectRoot = "";
			targets = (
				8E5272D3290B01D0004BE146 /* PetFinder */,
				8E5272E9290B01D1004BE146 /* PetFinderTests */,
				8E5272F3290B01D1004BE146 /* PetFinderUITests */,
			);
		};
/* End PBXProject section */

/* Begin PBXResourcesBuildPhase section */
		8E5272D2290B01D0004BE146 /* Resources */ = {
			isa = PBXResourcesBuildPhase;
			buildActionMask = 2147483647;
			files = (
				8E5272E4290B01D1004BE146 /* LaunchScreen.storyboard in Resources */,
				8E5272E1290B01D1004BE146 /* Assets.xcassets in Resources */,
				8E5272DF290B01D0004BE146 /* HomeScreen.storyboard in Resources */,
			);
			runOnlyForDeploymentPostprocessing = 0;
		};
		8E5272E8290B01D1004BE146 /* Resources */ = {
			isa = PBXResourcesBuildPhase;
			buildActionMask = 2147483647;
			files = (
			);
			runOnlyForDeploymentPostprocessing = 0;
		};
		8E5272F2290B01D1004BE146 /* Resources */ = {
			isa = PBXResourcesBuildPhase;
			buildActionMask = 2147483647;
			files = (
			);
			runOnlyForDeploymentPostprocessing = 0;
		};
/* End PBXResourcesBuildPhase section */

/* Begin PBXShellScriptBuildPhase section */
		19BBCC655B65C342C93755FF /* [CP] Check Pods Manifest.lock */ = {
			isa = PBXShellScriptBuildPhase;
			buildActionMask = 2147483647;
			files = (
			);
			inputFileListPaths = (
			);
			inputPaths = (
				"${PODS_PODFILE_DIR_PATH}/Podfile.lock",
				"${PODS_ROOT}/Manifest.lock",
			);
			name = "[CP] Check Pods Manifest.lock";
			outputFileListPaths = (
			);
			outputPaths = (
				"$(DERIVED_FILE_DIR)/Pods-PetFinder-PetFinderUITests-checkManifestLockResult.txt",
			);
			runOnlyForDeploymentPostprocessing = 0;
			shellPath = /bin/sh;
			shellScript = "diff \"${PODS_PODFILE_DIR_PATH}/Podfile.lock\" \"${PODS_ROOT}/Manifest.lock\" > /dev/null\nif [ $? != 0 ] ; then\n    # print error to STDERR\n    echo \"error: The sandbox is not in sync with the Podfile.lock. Run 'pod install' or update your CocoaPods installation.\" >&2\n    exit 1\nfi\n# This output is used by Xcode 'outputs' to avoid re-running this script phase.\necho \"SUCCESS\" > \"${SCRIPT_OUTPUT_FILE_0}\"\n";
			showEnvVarsInLog = 0;
		};
		9E5A75E54951D6019E758C4E /* [CP] Embed Pods Frameworks */ = {
			isa = PBXShellScriptBuildPhase;
			buildActionMask = 2147483647;
			files = (
			);
			inputFileListPaths = (
				"${PODS_ROOT}/Target Support Files/Pods-PetFinder/Pods-PetFinder-frameworks-${CONFIGURATION}-input-files.xcfilelist",
			);
			name = "[CP] Embed Pods Frameworks";
			outputFileListPaths = (
				"${PODS_ROOT}/Target Support Files/Pods-PetFinder/Pods-PetFinder-frameworks-${CONFIGURATION}-output-files.xcfilelist",
			);
			runOnlyForDeploymentPostprocessing = 0;
			shellPath = /bin/sh;
			shellScript = "\"${PODS_ROOT}/Target Support Files/Pods-PetFinder/Pods-PetFinder-frameworks.sh\"\n";
			showEnvVarsInLog = 0;
		};
		A2F7CA61F478E30ED378002C /* [CP] Embed Pods Frameworks */ = {
			isa = PBXShellScriptBuildPhase;
			buildActionMask = 2147483647;
			files = (
			);
			inputFileListPaths = (
				"${PODS_ROOT}/Target Support Files/Pods-PetFinder-PetFinderUITests/Pods-PetFinder-PetFinderUITests-frameworks-${CONFIGURATION}-input-files.xcfilelist",
			);
			name = "[CP] Embed Pods Frameworks";
			outputFileListPaths = (
				"${PODS_ROOT}/Target Support Files/Pods-PetFinder-PetFinderUITests/Pods-PetFinder-PetFinderUITests-frameworks-${CONFIGURATION}-output-files.xcfilelist",
			);
			runOnlyForDeploymentPostprocessing = 0;
			shellPath = /bin/sh;
			shellScript = "\"${PODS_ROOT}/Target Support Files/Pods-PetFinder-PetFinderUITests/Pods-PetFinder-PetFinderUITests-frameworks.sh\"\n";
			showEnvVarsInLog = 0;
		};
		A58927D74FAA68D1171B6494 /* [CP] Check Pods Manifest.lock */ = {
			isa = PBXShellScriptBuildPhase;
			buildActionMask = 2147483647;
			files = (
			);
			inputFileListPaths = (
			);
			inputPaths = (
				"${PODS_PODFILE_DIR_PATH}/Podfile.lock",
				"${PODS_ROOT}/Manifest.lock",
			);
			name = "[CP] Check Pods Manifest.lock";
			outputFileListPaths = (
			);
			outputPaths = (
				"$(DERIVED_FILE_DIR)/Pods-PetFinderTests-checkManifestLockResult.txt",
			);
			runOnlyForDeploymentPostprocessing = 0;
			shellPath = /bin/sh;
			shellScript = "diff \"${PODS_PODFILE_DIR_PATH}/Podfile.lock\" \"${PODS_ROOT}/Manifest.lock\" > /dev/null\nif [ $? != 0 ] ; then\n    # print error to STDERR\n    echo \"error: The sandbox is not in sync with the Podfile.lock. Run 'pod install' or update your CocoaPods installation.\" >&2\n    exit 1\nfi\n# This output is used by Xcode 'outputs' to avoid re-running this script phase.\necho \"SUCCESS\" > \"${SCRIPT_OUTPUT_FILE_0}\"\n";
			showEnvVarsInLog = 0;
		};
		C332F1B445AEC8EA6AEA7126 /* [CP] Check Pods Manifest.lock */ = {
			isa = PBXShellScriptBuildPhase;
			buildActionMask = 2147483647;
			files = (
			);
			inputFileListPaths = (
			);
			inputPaths = (
				"${PODS_PODFILE_DIR_PATH}/Podfile.lock",
				"${PODS_ROOT}/Manifest.lock",
			);
			name = "[CP] Check Pods Manifest.lock";
			outputFileListPaths = (
			);
			outputPaths = (
				"$(DERIVED_FILE_DIR)/Pods-PetFinder-checkManifestLockResult.txt",
			);
			runOnlyForDeploymentPostprocessing = 0;
			shellPath = /bin/sh;
			shellScript = "diff \"${PODS_PODFILE_DIR_PATH}/Podfile.lock\" \"${PODS_ROOT}/Manifest.lock\" > /dev/null\nif [ $? != 0 ] ; then\n    # print error to STDERR\n    echo \"error: The sandbox is not in sync with the Podfile.lock. Run 'pod install' or update your CocoaPods installation.\" >&2\n    exit 1\nfi\n# This output is used by Xcode 'outputs' to avoid re-running this script phase.\necho \"SUCCESS\" > \"${SCRIPT_OUTPUT_FILE_0}\"\n";
			showEnvVarsInLog = 0;
		};
/* End PBXShellScriptBuildPhase section */

/* Begin PBXSourcesBuildPhase section */
		8E5272D0290B01D0004BE146 /* Sources */ = {
			isa = PBXSourcesBuildPhase;
			buildActionMask = 2147483647;
			files = (
				8E5272D8290B01D0004BE146 /* AppDelegate.swift in Sources */,
				8E181948290BF122006F5A9A /* OauthParameters.swift in Sources */,
				8E527352290B0A20004BE146 /* HomeScreenViewModel.swift in Sources */,
				8E18195E290FF102006F5A9A /* Headers.swift in Sources */,
				8E181955290FECAE006F5A9A /* SessionManager.swift in Sources */,
				8E52730F290B06B5004BE146 /* CoordinatorType.swift in Sources */,
				8E181941290BE6AF006F5A9A /* OAuthData.swift in Sources */,
				8E18194C290FCAB9006F5A9A /* AuthManager.swift in Sources */,
				8E527312290B06E1004BE146 /* MainCoordinator.swift in Sources */,
				8E527328290B0877004BE146 /* Array+Extension.swift in Sources */,
				8E181944290BEE59006F5A9A /* OAuthResponse.swift in Sources */,
				8E18195B290FEF8E006F5A9A /* CustomError.swift in Sources */,
				8E527325290B080D004BE146 /* BlurView.swift in Sources */,
				8E5272DA290B01D0004BE146 /* SceneDelegate.swift in Sources */,
				8E527318290B0785004BE146 /* BaseViewController.swift in Sources */,
				8E527315290B074E004BE146 /* HomeScreenViewController.swift in Sources */,
				8E52731B290B0796004BE146 /* Storyboarded.swift in Sources */,
				8E527322290B07FB004BE146 /* UIView+Extension.swift in Sources */,
				8E181958290FED63006F5A9A /* FetchListService.swift in Sources */,
				8E52731E290B07BA004BE146 /* UIStoryboard+Extension.swift in Sources */,
				8E18194F290FCCC9006F5A9A /* KeychainHelper.swift in Sources */,
				8E181952290FCD82006F5A9A /* Constants.swift in Sources */,
			);
			runOnlyForDeploymentPostprocessing = 0;
		};
		8E5272E6290B01D1004BE146 /* Sources */ = {
			isa = PBXSourcesBuildPhase;
			buildActionMask = 2147483647;
			files = (
				8E527353290B0A20004BE146 /* HomeScreenViewModel.swift in Sources */,
				8E181953290FCD82006F5A9A /* Constants.swift in Sources */,
				8E181959290FED63006F5A9A /* FetchListService.swift in Sources */,
				8E181956290FECAE006F5A9A /* SessionManager.swift in Sources */,
				8E527319290B0785004BE146 /* BaseViewController.swift in Sources */,
				8E527329290B0877004BE146 /* Array+Extension.swift in Sources */,
				8E527310290B06B5004BE146 /* CoordinatorType.swift in Sources */,
				8E527323290B07FB004BE146 /* UIView+Extension.swift in Sources */,
				8E181945290BEE59006F5A9A /* OAuthResponse.swift in Sources */,
				8E181942290BE6AF006F5A9A /* OAuthData.swift in Sources */,
				8E527316290B074E004BE146 /* HomeScreenViewController.swift in Sources */,
				8E527313290B06E1004BE146 /* MainCoordinator.swift in Sources */,
				8E527326290B080D004BE146 /* BlurView.swift in Sources */,
				8E181949290BF122006F5A9A /* OauthParameters.swift in Sources */,
				8E18195C290FEF8E006F5A9A /* CustomError.swift in Sources */,
				8E181950290FCCC9006F5A9A /* KeychainHelper.swift in Sources */,
				8E18194D290FCAB9006F5A9A /* AuthManager.swift in Sources */,
				8E18195F290FF102006F5A9A /* Headers.swift in Sources */,
				8E5272EF290B01D1004BE146 /* PetFinderTests.swift in Sources */,
				8E52731C290B0796004BE146 /* Storyboarded.swift in Sources */,
				8E52731F290B07BA004BE146 /* UIStoryboard+Extension.swift in Sources */,
			);
			runOnlyForDeploymentPostprocessing = 0;
		};
		8E5272F0290B01D1004BE146 /* Sources */ = {
			isa = PBXSourcesBuildPhase;
			buildActionMask = 2147483647;
			files = (
				8E5272FB290B01D1004BE146 /* PetFinderUITestsLaunchTests.swift in Sources */,
				8E5272F9290B01D1004BE146 /* PetFinderUITests.swift in Sources */,
			);
			runOnlyForDeploymentPostprocessing = 0;
		};
/* End PBXSourcesBuildPhase section */

/* Begin PBXTargetDependency section */
		8E5272EC290B01D1004BE146 /* PBXTargetDependency */ = {
			isa = PBXTargetDependency;
			target = 8E5272D3290B01D0004BE146 /* PetFinder */;
			targetProxy = 8E5272EB290B01D1004BE146 /* PBXContainerItemProxy */;
		};
		8E5272F6290B01D1004BE146 /* PBXTargetDependency */ = {
			isa = PBXTargetDependency;
			target = 8E5272D3290B01D0004BE146 /* PetFinder */;
			targetProxy = 8E5272F5290B01D1004BE146 /* PBXContainerItemProxy */;
		};
/* End PBXTargetDependency section */

/* Begin PBXVariantGroup section */
		8E5272DD290B01D0004BE146 /* HomeScreen.storyboard */ = {
			isa = PBXVariantGroup;
			children = (
				8E5272DE290B01D0004BE146 /* Base */,
			);
			name = HomeScreen.storyboard;
			sourceTree = "<group>";
		};
		8E5272E2290B01D1004BE146 /* LaunchScreen.storyboard */ = {
			isa = PBXVariantGroup;
			children = (
				8E5272E3290B01D1004BE146 /* Base */,
			);
			name = LaunchScreen.storyboard;
			sourceTree = "<group>";
		};
/* End PBXVariantGroup section */

/* Begin XCBuildConfiguration section */
		8E5272FC290B01D1004BE146 /* Debug */ = {
			isa = XCBuildConfiguration;
			buildSettings = {
				ALWAYS_SEARCH_USER_PATHS = NO;
				CLANG_ANALYZER_NONNULL = YES;
				CLANG_ANALYZER_NUMBER_OBJECT_CONVERSION = YES_AGGRESSIVE;
				CLANG_CXX_LANGUAGE_STANDARD = "gnu++20";
				CLANG_ENABLE_MODULES = YES;
				CLANG_ENABLE_OBJC_ARC = YES;
				CLANG_ENABLE_OBJC_WEAK = YES;
				CLANG_WARN_BLOCK_CAPTURE_AUTORELEASING = YES;
				CLANG_WARN_BOOL_CONVERSION = YES;
				CLANG_WARN_COMMA = YES;
				CLANG_WARN_CONSTANT_CONVERSION = YES;
				CLANG_WARN_DEPRECATED_OBJC_IMPLEMENTATIONS = YES;
				CLANG_WARN_DIRECT_OBJC_ISA_USAGE = YES_ERROR;
				CLANG_WARN_DOCUMENTATION_COMMENTS = YES;
				CLANG_WARN_EMPTY_BODY = YES;
				CLANG_WARN_ENUM_CONVERSION = YES;
				CLANG_WARN_INFINITE_RECURSION = YES;
				CLANG_WARN_INT_CONVERSION = YES;
				CLANG_WARN_NON_LITERAL_NULL_CONVERSION = YES;
				CLANG_WARN_OBJC_IMPLICIT_RETAIN_SELF = YES;
				CLANG_WARN_OBJC_LITERAL_CONVERSION = YES;
				CLANG_WARN_OBJC_ROOT_CLASS = YES_ERROR;
				CLANG_WARN_QUOTED_INCLUDE_IN_FRAMEWORK_HEADER = YES;
				CLANG_WARN_RANGE_LOOP_ANALYSIS = YES;
				CLANG_WARN_STRICT_PROTOTYPES = YES;
				CLANG_WARN_SUSPICIOUS_MOVE = YES;
				CLANG_WARN_UNGUARDED_AVAILABILITY = YES_AGGRESSIVE;
				CLANG_WARN_UNREACHABLE_CODE = YES;
				CLANG_WARN__DUPLICATE_METHOD_MATCH = YES;
				COPY_PHASE_STRIP = NO;
				DEBUG_INFORMATION_FORMAT = dwarf;
				ENABLE_STRICT_OBJC_MSGSEND = YES;
				ENABLE_TESTABILITY = YES;
				GCC_C_LANGUAGE_STANDARD = gnu11;
				GCC_DYNAMIC_NO_PIC = NO;
				GCC_NO_COMMON_BLOCKS = YES;
				GCC_OPTIMIZATION_LEVEL = 0;
				GCC_PREPROCESSOR_DEFINITIONS = (
					"DEBUG=1",
					"$(inherited)",
				);
				GCC_WARN_64_TO_32_BIT_CONVERSION = YES;
				GCC_WARN_ABOUT_RETURN_TYPE = YES_ERROR;
				GCC_WARN_UNDECLARED_SELECTOR = YES;
				GCC_WARN_UNINITIALIZED_AUTOS = YES_AGGRESSIVE;
				GCC_WARN_UNUSED_FUNCTION = YES;
				GCC_WARN_UNUSED_VARIABLE = YES;
				IPHONEOS_DEPLOYMENT_TARGET = 16.0;
				MTL_ENABLE_DEBUG_INFO = INCLUDE_SOURCE;
				MTL_FAST_MATH = YES;
				ONLY_ACTIVE_ARCH = YES;
				SDKROOT = iphoneos;
				SWIFT_ACTIVE_COMPILATION_CONDITIONS = DEBUG;
				SWIFT_OPTIMIZATION_LEVEL = "-Onone";
			};
			name = Debug;
		};
		8E5272FD290B01D1004BE146 /* Release */ = {
			isa = XCBuildConfiguration;
			buildSettings = {
				ALWAYS_SEARCH_USER_PATHS = NO;
				CLANG_ANALYZER_NONNULL = YES;
				CLANG_ANALYZER_NUMBER_OBJECT_CONVERSION = YES_AGGRESSIVE;
				CLANG_CXX_LANGUAGE_STANDARD = "gnu++20";
				CLANG_ENABLE_MODULES = YES;
				CLANG_ENABLE_OBJC_ARC = YES;
				CLANG_ENABLE_OBJC_WEAK = YES;
				CLANG_WARN_BLOCK_CAPTURE_AUTORELEASING = YES;
				CLANG_WARN_BOOL_CONVERSION = YES;
				CLANG_WARN_COMMA = YES;
				CLANG_WARN_CONSTANT_CONVERSION = YES;
				CLANG_WARN_DEPRECATED_OBJC_IMPLEMENTATIONS = YES;
				CLANG_WARN_DIRECT_OBJC_ISA_USAGE = YES_ERROR;
				CLANG_WARN_DOCUMENTATION_COMMENTS = YES;
				CLANG_WARN_EMPTY_BODY = YES;
				CLANG_WARN_ENUM_CONVERSION = YES;
				CLANG_WARN_INFINITE_RECURSION = YES;
				CLANG_WARN_INT_CONVERSION = YES;
				CLANG_WARN_NON_LITERAL_NULL_CONVERSION = YES;
				CLANG_WARN_OBJC_IMPLICIT_RETAIN_SELF = YES;
				CLANG_WARN_OBJC_LITERAL_CONVERSION = YES;
				CLANG_WARN_OBJC_ROOT_CLASS = YES_ERROR;
				CLANG_WARN_QUOTED_INCLUDE_IN_FRAMEWORK_HEADER = YES;
				CLANG_WARN_RANGE_LOOP_ANALYSIS = YES;
				CLANG_WARN_STRICT_PROTOTYPES = YES;
				CLANG_WARN_SUSPICIOUS_MOVE = YES;
				CLANG_WARN_UNGUARDED_AVAILABILITY = YES_AGGRESSIVE;
				CLANG_WARN_UNREACHABLE_CODE = YES;
				CLANG_WARN__DUPLICATE_METHOD_MATCH = YES;
				COPY_PHASE_STRIP = NO;
				DEBUG_INFORMATION_FORMAT = "dwarf-with-dsym";
				ENABLE_NS_ASSERTIONS = NO;
				ENABLE_STRICT_OBJC_MSGSEND = YES;
				GCC_C_LANGUAGE_STANDARD = gnu11;
				GCC_NO_COMMON_BLOCKS = YES;
				GCC_WARN_64_TO_32_BIT_CONVERSION = YES;
				GCC_WARN_ABOUT_RETURN_TYPE = YES_ERROR;
				GCC_WARN_UNDECLARED_SELECTOR = YES;
				GCC_WARN_UNINITIALIZED_AUTOS = YES_AGGRESSIVE;
				GCC_WARN_UNUSED_FUNCTION = YES;
				GCC_WARN_UNUSED_VARIABLE = YES;
				IPHONEOS_DEPLOYMENT_TARGET = 16.0;
				MTL_ENABLE_DEBUG_INFO = NO;
				MTL_FAST_MATH = YES;
				SDKROOT = iphoneos;
				SWIFT_COMPILATION_MODE = wholemodule;
				SWIFT_OPTIMIZATION_LEVEL = "-O";
				VALIDATE_PRODUCT = YES;
			};
			name = Release;
		};
		8E5272FF290B01D1004BE146 /* Debug */ = {
			isa = XCBuildConfiguration;
			baseConfigurationReference = 8EE84984C93702B388DC6FDB /* Pods-PetFinder.debug.xcconfig */;
			buildSettings = {
				ASSETCATALOG_COMPILER_APPICON_NAME = AppIcon;
				ASSETCATALOG_COMPILER_GLOBAL_ACCENT_COLOR_NAME = AccentColor;
				CODE_SIGN_STYLE = Automatic;
				CURRENT_PROJECT_VERSION = 1;
				DEVELOPMENT_TEAM = US28993UF8;
				GENERATE_INFOPLIST_FILE = YES;
				INFOPLIST_FILE = "PetFinder/Supporting Files/Info.plist";
				INFOPLIST_KEY_UIApplicationSupportsIndirectInputEvents = YES;
				INFOPLIST_KEY_UILaunchStoryboardName = LaunchScreen;
				INFOPLIST_KEY_UIMainStoryboardFile = HomeScreen;
				INFOPLIST_KEY_UISupportedInterfaceOrientations_iPad = "UIInterfaceOrientationPortrait UIInterfaceOrientationPortraitUpsideDown UIInterfaceOrientationLandscapeLeft UIInterfaceOrientationLandscapeRight";
				INFOPLIST_KEY_UISupportedInterfaceOrientations_iPhone = "UIInterfaceOrientationPortrait UIInterfaceOrientationLandscapeLeft UIInterfaceOrientationLandscapeRight";
				LD_RUNPATH_SEARCH_PATHS = "$(inherited)";
				MARKETING_VERSION = 1.0;
				PRODUCT_BUNDLE_IDENTIFIER = com.advancedsoftwaredesign.PetFinder;
				PRODUCT_NAME = "$(TARGET_NAME)";
				SWIFT_EMIT_LOC_STRINGS = YES;
				SWIFT_VERSION = 5.0;
				TARGETED_DEVICE_FAMILY = "1,2";
			};
			name = Debug;
		};
		8E527300290B01D1004BE146 /* Release */ = {
			isa = XCBuildConfiguration;
			baseConfigurationReference = 24FA0D9F36AD5A8B56380F76 /* Pods-PetFinder.release.xcconfig */;
			buildSettings = {
				ASSETCATALOG_COMPILER_APPICON_NAME = AppIcon;
				ASSETCATALOG_COMPILER_GLOBAL_ACCENT_COLOR_NAME = AccentColor;
				CODE_SIGN_STYLE = Automatic;
				CURRENT_PROJECT_VERSION = 1;
				DEVELOPMENT_TEAM = US28993UF8;
				GENERATE_INFOPLIST_FILE = YES;
				INFOPLIST_FILE = "PetFinder/Supporting Files/Info.plist";
				INFOPLIST_KEY_UIApplicationSupportsIndirectInputEvents = YES;
				INFOPLIST_KEY_UILaunchStoryboardName = LaunchScreen;
				INFOPLIST_KEY_UIMainStoryboardFile = HomeScreen;
				INFOPLIST_KEY_UISupportedInterfaceOrientations_iPad = "UIInterfaceOrientationPortrait UIInterfaceOrientationPortraitUpsideDown UIInterfaceOrientationLandscapeLeft UIInterfaceOrientationLandscapeRight";
				INFOPLIST_KEY_UISupportedInterfaceOrientations_iPhone = "UIInterfaceOrientationPortrait UIInterfaceOrientationLandscapeLeft UIInterfaceOrientationLandscapeRight";
				LD_RUNPATH_SEARCH_PATHS = "$(inherited)";
				MARKETING_VERSION = 1.0;
				PRODUCT_BUNDLE_IDENTIFIER = com.advancedsoftwaredesign.PetFinder;
				PRODUCT_NAME = "$(TARGET_NAME)";
				SWIFT_EMIT_LOC_STRINGS = YES;
				SWIFT_VERSION = 5.0;
				TARGETED_DEVICE_FAMILY = "1,2";
			};
			name = Release;
		};
		8E527302290B01D1004BE146 /* Debug */ = {
			isa = XCBuildConfiguration;
			baseConfigurationReference = 3EACD01E3AEB52DF3A12D334 /* Pods-PetFinderTests.debug.xcconfig */;
			buildSettings = {
				ALWAYS_EMBED_SWIFT_STANDARD_LIBRARIES = YES;
				BUNDLE_LOADER = "$(TEST_HOST)";
				CODE_SIGN_STYLE = Automatic;
				CURRENT_PROJECT_VERSION = 1;
				DEVELOPMENT_TEAM = US28993UF8;
				GENERATE_INFOPLIST_FILE = YES;
				IPHONEOS_DEPLOYMENT_TARGET = 16.0;
				MARKETING_VERSION = 1.0;
				PRODUCT_BUNDLE_IDENTIFIER = com.advancedsoftwaredesign.PetFinderTests;
				PRODUCT_NAME = "$(TARGET_NAME)";
				SWIFT_EMIT_LOC_STRINGS = NO;
				SWIFT_VERSION = 5.0;
				TARGETED_DEVICE_FAMILY = "1,2";
				TEST_HOST = "$(BUILT_PRODUCTS_DIR)/PetFinder.app/$(BUNDLE_EXECUTABLE_FOLDER_PATH)/PetFinder";
			};
			name = Debug;
		};
		8E527303290B01D1004BE146 /* Release */ = {
			isa = XCBuildConfiguration;
			baseConfigurationReference = 07DF9AB6B21CE635B3B23114 /* Pods-PetFinderTests.release.xcconfig */;
			buildSettings = {
				ALWAYS_EMBED_SWIFT_STANDARD_LIBRARIES = YES;
				BUNDLE_LOADER = "$(TEST_HOST)";
				CODE_SIGN_STYLE = Automatic;
				CURRENT_PROJECT_VERSION = 1;
				DEVELOPMENT_TEAM = US28993UF8;
				GENERATE_INFOPLIST_FILE = YES;
				IPHONEOS_DEPLOYMENT_TARGET = 16.0;
				MARKETING_VERSION = 1.0;
				PRODUCT_BUNDLE_IDENTIFIER = com.advancedsoftwaredesign.PetFinderTests;
				PRODUCT_NAME = "$(TARGET_NAME)";
				SWIFT_EMIT_LOC_STRINGS = NO;
				SWIFT_VERSION = 5.0;
				TARGETED_DEVICE_FAMILY = "1,2";
				TEST_HOST = "$(BUILT_PRODUCTS_DIR)/PetFinder.app/$(BUNDLE_EXECUTABLE_FOLDER_PATH)/PetFinder";
			};
			name = Release;
		};
		8E527305290B01D1004BE146 /* Debug */ = {
			isa = XCBuildConfiguration;
			baseConfigurationReference = DD4776CBDB12BC2CD4C388F4 /* Pods-PetFinder-PetFinderUITests.debug.xcconfig */;
			buildSettings = {
				ALWAYS_EMBED_SWIFT_STANDARD_LIBRARIES = YES;
				CODE_SIGN_STYLE = Automatic;
				CURRENT_PROJECT_VERSION = 1;
				DEVELOPMENT_TEAM = US28993UF8;
				GENERATE_INFOPLIST_FILE = YES;
				MARKETING_VERSION = 1.0;
				PRODUCT_BUNDLE_IDENTIFIER = com.advancedsoftwaredesign.PetFinderUITests;
				PRODUCT_NAME = "$(TARGET_NAME)";
				SWIFT_EMIT_LOC_STRINGS = NO;
				SWIFT_VERSION = 5.0;
				TARGETED_DEVICE_FAMILY = "1,2";
				TEST_TARGET_NAME = PetFinder;
			};
			name = Debug;
		};
		8E527306290B01D1004BE146 /* Release */ = {
			isa = XCBuildConfiguration;
			baseConfigurationReference = 75B0219F0A056877A5DF9FED /* Pods-PetFinder-PetFinderUITests.release.xcconfig */;
			buildSettings = {
				ALWAYS_EMBED_SWIFT_STANDARD_LIBRARIES = YES;
				CODE_SIGN_STYLE = Automatic;
				CURRENT_PROJECT_VERSION = 1;
				DEVELOPMENT_TEAM = US28993UF8;
				GENERATE_INFOPLIST_FILE = YES;
				MARKETING_VERSION = 1.0;
				PRODUCT_BUNDLE_IDENTIFIER = com.advancedsoftwaredesign.PetFinderUITests;
				PRODUCT_NAME = "$(TARGET_NAME)";
				SWIFT_EMIT_LOC_STRINGS = NO;
				SWIFT_VERSION = 5.0;
				TARGETED_DEVICE_FAMILY = "1,2";
				TEST_TARGET_NAME = PetFinder;
			};
			name = Release;
		};
/* End XCBuildConfiguration section */

/* Begin XCConfigurationList section */
		8E5272CF290B01D0004BE146 /* Build configuration list for PBXProject "PetFinder" */ = {
			isa = XCConfigurationList;
			buildConfigurations = (
				8E5272FC290B01D1004BE146 /* Debug */,
				8E5272FD290B01D1004BE146 /* Release */,
			);
			defaultConfigurationIsVisible = 0;
			defaultConfigurationName = Release;
		};
		8E5272FE290B01D1004BE146 /* Build configuration list for PBXNativeTarget "PetFinder" */ = {
			isa = XCConfigurationList;
			buildConfigurations = (
				8E5272FF290B01D1004BE146 /* Debug */,
				8E527300290B01D1004BE146 /* Release */,
			);
			defaultConfigurationIsVisible = 0;
			defaultConfigurationName = Release;
		};
		8E527301290B01D1004BE146 /* Build configuration list for PBXNativeTarget "PetFinderTests" */ = {
			isa = XCConfigurationList;
			buildConfigurations = (
				8E527302290B01D1004BE146 /* Debug */,
				8E527303290B01D1004BE146 /* Release */,
			);
			defaultConfigurationIsVisible = 0;
			defaultConfigurationName = Release;
		};
		8E527304290B01D1004BE146 /* Build configuration list for PBXNativeTarget "PetFinderUITests" */ = {
			isa = XCConfigurationList;
			buildConfigurations = (
				8E527305290B01D1004BE146 /* Debug */,
				8E527306290B01D1004BE146 /* Release */,
			);
			defaultConfigurationIsVisible = 0;
			defaultConfigurationName = Release;
		};
/* End XCConfigurationList section */
	};
	rootObject = 8E5272CC290B01D0004BE146 /* Project object */;
}
